{
  "nodes": {
    "flake-utils": {
      "locked": {
        "lastModified": 1667395993,
        "narHash": "sha256-nuEHfE/LcWyuSWnS8t12N1wc105Qtau+/OdUAjtQ0rA=",
        "owner": "numtide",
        "repo": "flake-utils",
        "rev": "5aed5285a952e0b949eb3ba02c12fa4fcfef535f",
        "type": "github"
      },
      "original": {
        "owner": "numtide",
        "repo": "flake-utils",
        "type": "github"
      }
    },
    "kamcli-src": {
      "flake": false,
      "locked": {
        "lastModified": 1686130460,
        "narHash": "sha256-Gp7rrgur+83OKYLMYH7sRiRZ6HkKxvn/UobX+A3hy24=",
        "owner": "kamailio",
        "repo": "kamcli",
        "rev": "0f1a0775be1ef95488d69a16958f1b3c5cd629b9",
        "type": "github"
      },
      "original": {
        "owner": "kamailio",
        "repo": "kamcli",
        "type": "github"
      }
    },
    "nixpkgs": {
      "locked": {
        "lastModified": 1687193290,
        "narHash": "sha256-3bknptEbd9LLlCiFRFkMwmciHB+QXET41gH/RX+Nr1A=",
        "owner": "NixOS",
        "repo": "nixpkgs",
        "rev": "ad157fe26e74211e7dde0456cb3fd9ab78b6e552",
        "type": "github"
      },
      "original": {
        "owner": "NixOS",
        "ref": "nixos-23.05",
        "repo": "nixpkgs",
        "type": "github"
      }
    },
    "root": {
      "inputs": {
        "flake-utils": "flake-utils",
        "kamcli-src": "kamcli-src",
        "nixpkgs": "nixpkgs",
        "src": "src"
      }
    },
    "src": {
      "flake": false,
      "locked": {
        "lastModified": 1684316023,
        "narHash": "sha256-qA0AGOQ+JbnxLlexc1x5dIbHqHnFm89ECmmbDol34MI=",
        "owner": "kamailio",
        "repo": "kamailio",
        "rev": "f1e91d6684a55d1b8ae1489d50c0dd338ad01102",
        "type": "github"
      },
      "original": {
        "owner": "kamailio",
        "ref": "5.7.0",
        "repo": "kamailio",
        "type": "github"
      }
    }
  },
  "root": "root",
  "version": 7
}
